// !$*UTF8*$!
{
	archiveVersion = 1;
	classes = {
	};
	objectVersion = 48;
	objects = {

/* Begin PBXBuildFile section */
		559A45C41FD877F7003EF5E9 /* AppDelegate.swift in Sources */ = {isa = PBXBuildFile; fileRef = 559A45C31FD877F7003EF5E9 /* AppDelegate.swift */; };
		559A45C61FD877F7003EF5E9 /* CurrenciesListViewController.swift in Sources */ = {isa = PBXBuildFile; fileRef = 559A45C51FD877F7003EF5E9 /* CurrenciesListViewController.swift */; };
		559A45C91FD877F7003EF5E9 /* Main.storyboard in Resources */ = {isa = PBXBuildFile; fileRef = 559A45C71FD877F7003EF5E9 /* Main.storyboard */; };
		559A45CB1FD877F7003EF5E9 /* Assets.xcassets in Resources */ = {isa = PBXBuildFile; fileRef = 559A45CA1FD877F7003EF5E9 /* Assets.xcassets */; };
		559A45CE1FD877F7003EF5E9 /* LaunchScreen.storyboard in Resources */ = {isa = PBXBuildFile; fileRef = 559A45CC1FD877F7003EF5E9 /* LaunchScreen.storyboard */; };
		559A45D91FD877F7003EF5E9 /* CryptoTests.swift in Sources */ = {isa = PBXBuildFile; fileRef = 559A45D81FD877F7003EF5E9 /* CryptoTests.swift */; };
		559A45E41FD87D8C003EF5E9 /* CurrenciesListViewModel.swift in Sources */ = {isa = PBXBuildFile; fileRef = 559A45E31FD87D8C003EF5E9 /* CurrenciesListViewModel.swift */; };
		559A45E61FD87DD5003EF5E9 /* Result.swift in Sources */ = {isa = PBXBuildFile; fileRef = 559A45E51FD87DD5003EF5E9 /* Result.swift */; };
		559A45E81FD87E59003EF5E9 /* CurrenciesDataSource.swift in Sources */ = {isa = PBXBuildFile; fileRef = 559A45E71FD87E59003EF5E9 /* CurrenciesDataSource.swift */; };
		559A45ED1FD9CD5D003EF5E9 /* CurrencyCell.swift in Sources */ = {isa = PBXBuildFile; fileRef = 559A45EB1FD9CD5D003EF5E9 /* CurrencyCell.swift */; };
		559A45EE1FD9CD5D003EF5E9 /* CurrencyCell.xib in Resources */ = {isa = PBXBuildFile; fileRef = 559A45EC1FD9CD5D003EF5E9 /* CurrencyCell.xib */; };
		559A45F21FD9CE47003EF5E9 /* Reusable.swift in Sources */ = {isa = PBXBuildFile; fileRef = 559A45F11FD9CE47003EF5E9 /* Reusable.swift */; };
/* End PBXBuildFile section */

/* Begin PBXContainerItemProxy section */
		559A45D51FD877F7003EF5E9 /* PBXContainerItemProxy */ = {
			isa = PBXContainerItemProxy;
			containerPortal = 559A45B81FD877F7003EF5E9 /* Project object */;
			proxyType = 1;
			remoteGlobalIDString = 559A45BF1FD877F7003EF5E9;
			remoteInfo = Crypto;
		};
/* End PBXContainerItemProxy section */

/* Begin PBXFileReference section */
		559A45C01FD877F7003EF5E9 /* Crypto.app */ = {isa = PBXFileReference; explicitFileType = wrapper.application; includeInIndex = 0; path = Crypto.app; sourceTree = BUILT_PRODUCTS_DIR; };
		559A45C31FD877F7003EF5E9 /* AppDelegate.swift */ = {isa = PBXFileReference; lastKnownFileType = sourcecode.swift; path = AppDelegate.swift; sourceTree = "<group>"; };
		559A45C51FD877F7003EF5E9 /* CurrenciesListViewController.swift */ = {isa = PBXFileReference; lastKnownFileType = sourcecode.swift; path = CurrenciesListViewController.swift; sourceTree = "<group>"; };
		559A45C81FD877F7003EF5E9 /* Base */ = {isa = PBXFileReference; lastKnownFileType = file.storyboard; name = Base; path = Base.lproj/Main.storyboard; sourceTree = "<group>"; };
		559A45CA1FD877F7003EF5E9 /* Assets.xcassets */ = {isa = PBXFileReference; lastKnownFileType = folder.assetcatalog; path = Assets.xcassets; sourceTree = "<group>"; };
		559A45CD1FD877F7003EF5E9 /* Base */ = {isa = PBXFileReference; lastKnownFileType = file.storyboard; name = Base; path = Base.lproj/LaunchScreen.storyboard; sourceTree = "<group>"; };
		559A45CF1FD877F7003EF5E9 /* Info.plist */ = {isa = PBXFileReference; lastKnownFileType = text.plist.xml; path = Info.plist; sourceTree = "<group>"; };
		559A45D41FD877F7003EF5E9 /* CryptoTests.xctest */ = {isa = PBXFileReference; explicitFileType = wrapper.cfbundle; includeInIndex = 0; path = CryptoTests.xctest; sourceTree = BUILT_PRODUCTS_DIR; };
		559A45D81FD877F7003EF5E9 /* CryptoTests.swift */ = {isa = PBXFileReference; lastKnownFileType = sourcecode.swift; path = CryptoTests.swift; sourceTree = "<group>"; };
		559A45DA1FD877F7003EF5E9 /* Info.plist */ = {isa = PBXFileReference; lastKnownFileType = text.plist.xml; path = Info.plist; sourceTree = "<group>"; };
		559A45E31FD87D8C003EF5E9 /* CurrenciesListViewModel.swift */ = {isa = PBXFileReference; lastKnownFileType = sourcecode.swift; path = CurrenciesListViewModel.swift; sourceTree = "<group>"; };
		559A45E51FD87DD5003EF5E9 /* Result.swift */ = {isa = PBXFileReference; lastKnownFileType = sourcecode.swift; path = Result.swift; sourceTree = "<group>"; };
		559A45E71FD87E59003EF5E9 /* CurrenciesDataSource.swift */ = {isa = PBXFileReference; lastKnownFileType = sourcecode.swift; path = CurrenciesDataSource.swift; sourceTree = "<group>"; };
		559A45EB1FD9CD5D003EF5E9 /* CurrencyCell.swift */ = {isa = PBXFileReference; lastKnownFileType = sourcecode.swift; path = CurrencyCell.swift; sourceTree = "<group>"; };
		559A45EC1FD9CD5D003EF5E9 /* CurrencyCell.xib */ = {isa = PBXFileReference; lastKnownFileType = file.xib; path = CurrencyCell.xib; sourceTree = "<group>"; };
		559A45F11FD9CE47003EF5E9 /* Reusable.swift */ = {isa = PBXFileReference; lastKnownFileType = sourcecode.swift; path = Reusable.swift; sourceTree = "<group>"; };
/* End PBXFileReference section */

/* Begin PBXFrameworksBuildPhase section */
		559A45BD1FD877F7003EF5E9 /* Frameworks */ = {
			isa = PBXFrameworksBuildPhase;
			buildActionMask = 2147483647;
			files = (
			);
			runOnlyForDeploymentPostprocessing = 0;
		};
		559A45D11FD877F7003EF5E9 /* Frameworks */ = {
			isa = PBXFrameworksBuildPhase;
			buildActionMask = 2147483647;
			files = (
			);
			runOnlyForDeploymentPostprocessing = 0;
		};
/* End PBXFrameworksBuildPhase section */

/* Begin PBXGroup section */
		559A45B71FD877F7003EF5E9 = {
			isa = PBXGroup;
			children = (
				559A45C21FD877F7003EF5E9 /* Crypto */,
				559A45D71FD877F7003EF5E9 /* CryptoTests */,
				559A45C11FD877F7003EF5E9 /* Products */,
			);
			sourceTree = "<group>";
		};
		559A45C11FD877F7003EF5E9 /* Products */ = {
			isa = PBXGroup;
			children = (
				559A45C01FD877F7003EF5E9 /* Crypto.app */,
				559A45D41FD877F7003EF5E9 /* CryptoTests.xctest */,
			);
			name = Products;
			sourceTree = "<group>";
		};
		559A45C21FD877F7003EF5E9 /* Crypto */ = {
			isa = PBXGroup;
			children = (
				559A45EF1FD9CE27003EF5E9 /* Core */,
				559A45F31FD9D145003EF5E9 /* Features */,
				559A45F41FD9D15B003EF5E9 /* Resources */,
			);
			path = Crypto;
			sourceTree = "<group>";
		};
		559A45D71FD877F7003EF5E9 /* CryptoTests */ = {
			isa = PBXGroup;
			children = (
				559A45D81FD877F7003EF5E9 /* CryptoTests.swift */,
				559A45DA1FD877F7003EF5E9 /* Info.plist */,
			);
			path = CryptoTests;
			sourceTree = "<group>";
		};
		559A45E91FD9CD1F003EF5E9 /* CurrencyList */ = {
			isa = PBXGroup;
			children = (
				559A45EA1FD9CD3A003EF5E9 /* Cell */,
				559A45C51FD877F7003EF5E9 /* CurrenciesListViewController.swift */,
				559A45E31FD87D8C003EF5E9 /* CurrenciesListViewModel.swift */,
				559A45E71FD87E59003EF5E9 /* CurrenciesDataSource.swift */,
			);
			path = CurrencyList;
			sourceTree = "<group>";
		};
		559A45EA1FD9CD3A003EF5E9 /* Cell */ = {
			isa = PBXGroup;
			children = (
				559A45EB1FD9CD5D003EF5E9 /* CurrencyCell.swift */,
				559A45EC1FD9CD5D003EF5E9 /* CurrencyCell.xib */,
			);
			path = Cell;
			sourceTree = "<group>";
		};
		559A45EF1FD9CE27003EF5E9 /* Core */ = {
			isa = PBXGroup;
			children = (
				559A45C31FD877F7003EF5E9 /* AppDelegate.swift */,
				559A45E51FD87DD5003EF5E9 /* Result.swift */,
				559A45F01FD9CE31003EF5E9 /* UI */,
			);
			path = Core;
			sourceTree = "<group>";
		};
		559A45F01FD9CE31003EF5E9 /* UI */ = {
			isa = PBXGroup;
			children = (
				559A45F11FD9CE47003EF5E9 /* Reusable.swift */,
			);
			path = UI;
			sourceTree = "<group>";
		};
		559A45F31FD9D145003EF5E9 /* Features */ = {
			isa = PBXGroup;
			children = (
				559A45E91FD9CD1F003EF5E9 /* CurrencyList */,
			);
			path = Features;
			sourceTree = "<group>";
		};
		559A45F41FD9D15B003EF5E9 /* Resources */ = {
			isa = PBXGroup;
			children = (
				559A45C71FD877F7003EF5E9 /* Main.storyboard */,
				559A45CC1FD877F7003EF5E9 /* LaunchScreen.storyboard */,
				559A45CF1FD877F7003EF5E9 /* Info.plist */,
				559A45CA1FD877F7003EF5E9 /* Assets.xcassets */,
			);
			path = Resources;
			sourceTree = "<group>";
		};
/* End PBXGroup section */

/* Begin PBXNativeTarget section */
		559A45BF1FD877F7003EF5E9 /* Crypto */ = {
			isa = PBXNativeTarget;
			buildConfigurationList = 559A45DD1FD877F7003EF5E9 /* Build configuration list for PBXNativeTarget "Crypto" */;
			buildPhases = (
				559A45BC1FD877F7003EF5E9 /* Sources */,
				559A45BD1FD877F7003EF5E9 /* Frameworks */,
				559A45BE1FD877F7003EF5E9 /* Resources */,
			);
			buildRules = (
			);
			dependencies = (
			);
			name = Crypto;
			productName = Crypto;
			productReference = 559A45C01FD877F7003EF5E9 /* Crypto.app */;
			productType = "com.apple.product-type.application";
		};
		559A45D31FD877F7003EF5E9 /* CryptoTests */ = {
			isa = PBXNativeTarget;
			buildConfigurationList = 559A45E01FD877F7003EF5E9 /* Build configuration list for PBXNativeTarget "CryptoTests" */;
			buildPhases = (
				559A45D01FD877F7003EF5E9 /* Sources */,
				559A45D11FD877F7003EF5E9 /* Frameworks */,
				559A45D21FD877F7003EF5E9 /* Resources */,
			);
			buildRules = (
			);
			dependencies = (
				559A45D61FD877F7003EF5E9 /* PBXTargetDependency */,
			);
			name = CryptoTests;
			productName = CryptoTests;
			productReference = 559A45D41FD877F7003EF5E9 /* CryptoTests.xctest */;
			productType = "com.apple.product-type.bundle.unit-test";
		};
/* End PBXNativeTarget section */

/* Begin PBXProject section */
		559A45B81FD877F7003EF5E9 /* Project object */ = {
			isa = PBXProject;
			attributes = {
				LastSwiftUpdateCheck = 0910;
				LastUpgradeCheck = 0910;
				ORGANIZATIONNAME = "Andrey Mamchenko";
				TargetAttributes = {
					559A45BF1FD877F7003EF5E9 = {
						CreatedOnToolsVersion = 9.1;
						ProvisioningStyle = Automatic;
					};
					559A45D31FD877F7003EF5E9 = {
						CreatedOnToolsVersion = 9.1;
						ProvisioningStyle = Automatic;
						TestTargetID = 559A45BF1FD877F7003EF5E9;
					};
				};
			};
			buildConfigurationList = 559A45BB1FD877F7003EF5E9 /* Build configuration list for PBXProject "Crypto" */;
			compatibilityVersion = "Xcode 8.0";
			developmentRegion = en;
			hasScannedForEncodings = 0;
			knownRegions = (
				en,
				Base,
			);
			mainGroup = 559A45B71FD877F7003EF5E9;
			productRefGroup = 559A45C11FD877F7003EF5E9 /* Products */;
			projectDirPath = "";
			projectRoot = "";
			targets = (
				559A45BF1FD877F7003EF5E9 /* Crypto */,
				559A45D31FD877F7003EF5E9 /* CryptoTests */,
			);
		};
/* End PBXProject section */

/* Begin PBXResourcesBuildPhase section */
		559A45BE1FD877F7003EF5E9 /* Resources */ = {
			isa = PBXResourcesBuildPhase;
			buildActionMask = 2147483647;
			files = (
				559A45EE1FD9CD5D003EF5E9 /* CurrencyCell.xib in Resources */,
				559A45CE1FD877F7003EF5E9 /* LaunchScreen.storyboard in Resources */,
				559A45CB1FD877F7003EF5E9 /* Assets.xcassets in Resources */,
				559A45C91FD877F7003EF5E9 /* Main.storyboard in Resources */,
			);
			runOnlyForDeploymentPostprocessing = 0;
		};
		559A45D21FD877F7003EF5E9 /* Resources */ = {
			isa = PBXResourcesBuildPhase;
			buildActionMask = 2147483647;
			files = (
			);
			runOnlyForDeploymentPostprocessing = 0;
		};
/* End PBXResourcesBuildPhase section */

/* Begin PBXSourcesBuildPhase section */
		559A45BC1FD877F7003EF5E9 /* Sources */ = {
			isa = PBXSourcesBuildPhase;
			buildActionMask = 2147483647;
			files = (
				559A45ED1FD9CD5D003EF5E9 /* CurrencyCell.swift in Sources */,
				559A45C61FD877F7003EF5E9 /* CurrenciesListViewController.swift in Sources */,
				559A45C41FD877F7003EF5E9 /* AppDelegate.swift in Sources */,
				559A45E81FD87E59003EF5E9 /* CurrenciesDataSource.swift in Sources */,
				559A45E61FD87DD5003EF5E9 /* Result.swift in Sources */,
				559A45E41FD87D8C003EF5E9 /* CurrenciesListViewModel.swift in Sources */,
				559A45F21FD9CE47003EF5E9 /* Reusable.swift in Sources */,
			);
			runOnlyForDeploymentPostprocessing = 0;
		};
		559A45D01FD877F7003EF5E9 /* Sources */ = {
			isa = PBXSourcesBuildPhase;
			buildActionMask = 2147483647;
			files = (
				559A45D91FD877F7003EF5E9 /* CryptoTests.swift in Sources */,
			);
			runOnlyForDeploymentPostprocessing = 0;
		};
/* End PBXSourcesBuildPhase section */

/* Begin PBXTargetDependency section */
		559A45D61FD877F7003EF5E9 /* PBXTargetDependency */ = {
			isa = PBXTargetDependency;
			target = 559A45BF1FD877F7003EF5E9 /* Crypto */;
			targetProxy = 559A45D51FD877F7003EF5E9 /* PBXContainerItemProxy */;
		};
/* End PBXTargetDependency section */

/* Begin PBXVariantGroup section */
		559A45C71FD877F7003EF5E9 /* Main.storyboard */ = {
			isa = PBXVariantGroup;
			children = (
				559A45C81FD877F7003EF5E9 /* Base */,
			);
			name = Main.storyboard;
			sourceTree = "<group>";
		};
		559A45CC1FD877F7003EF5E9 /* LaunchScreen.storyboard */ = {
			isa = PBXVariantGroup;
			children = (
				559A45CD1FD877F7003EF5E9 /* Base */,
			);
			name = LaunchScreen.storyboard;
			sourceTree = "<group>";
		};
/* End PBXVariantGroup section */

/* Begin XCBuildConfiguration section */
		559A45DB1FD877F7003EF5E9 /* Debug */ = {
			isa = XCBuildConfiguration;
			buildSettings = {
				ALWAYS_SEARCH_USER_PATHS = NO;
				CLANG_ANALYZER_NONNULL = YES;
				CLANG_ANALYZER_NUMBER_OBJECT_CONVERSION = YES_AGGRESSIVE;
				CLANG_CXX_LANGUAGE_STANDARD = "gnu++14";
				CLANG_CXX_LIBRARY = "libc++";
				CLANG_ENABLE_MODULES = YES;
				CLANG_ENABLE_OBJC_ARC = YES;
				CLANG_WARN_BLOCK_CAPTURE_AUTORELEASING = YES;
				CLANG_WARN_BOOL_CONVERSION = YES;
				CLANG_WARN_COMMA = YES;
				CLANG_WARN_CONSTANT_CONVERSION = YES;
				CLANG_WARN_DIRECT_OBJC_ISA_USAGE = YES_ERROR;
				CLANG_WARN_DOCUMENTATION_COMMENTS = YES;
				CLANG_WARN_EMPTY_BODY = YES;
				CLANG_WARN_ENUM_CONVERSION = YES;
				CLANG_WARN_INFINITE_RECURSION = YES;
				CLANG_WARN_INT_CONVERSION = YES;
				CLANG_WARN_NON_LITERAL_NULL_CONVERSION = YES;
				CLANG_WARN_OBJC_LITERAL_CONVERSION = YES;
				CLANG_WARN_OBJC_ROOT_CLASS = YES_ERROR;
				CLANG_WARN_RANGE_LOOP_ANALYSIS = YES;
				CLANG_WARN_STRICT_PROTOTYPES = YES;
				CLANG_WARN_SUSPICIOUS_MOVE = YES;
				CLANG_WARN_UNGUARDED_AVAILABILITY = YES_AGGRESSIVE;
				CLANG_WARN_UNREACHABLE_CODE = YES;
				CLANG_WARN__DUPLICATE_METHOD_MATCH = YES;
				CODE_SIGN_IDENTITY = "iPhone Developer";
				COPY_PHASE_STRIP = NO;
				DEBUG_INFORMATION_FORMAT = dwarf;
				ENABLE_STRICT_OBJC_MSGSEND = YES;
				ENABLE_TESTABILITY = YES;
				GCC_C_LANGUAGE_STANDARD = gnu11;
				GCC_DYNAMIC_NO_PIC = NO;
				GCC_NO_COMMON_BLOCKS = YES;
				GCC_OPTIMIZATION_LEVEL = 0;
				GCC_PREPROCESSOR_DEFINITIONS = (
					"DEBUG=1",
					"$(inherited)",
				);
				GCC_WARN_64_TO_32_BIT_CONVERSION = YES;
				GCC_WARN_ABOUT_RETURN_TYPE = YES_ERROR;
				GCC_WARN_UNDECLARED_SELECTOR = YES;
				GCC_WARN_UNINITIALIZED_AUTOS = YES_AGGRESSIVE;
				GCC_WARN_UNUSED_FUNCTION = YES;
				GCC_WARN_UNUSED_VARIABLE = YES;
				IPHONEOS_DEPLOYMENT_TARGET = 11.1;
				MTL_ENABLE_DEBUG_INFO = YES;
				ONLY_ACTIVE_ARCH = YES;
				SDKROOT = iphoneos;
				SWIFT_ACTIVE_COMPILATION_CONDITIONS = DEBUG;
				SWIFT_OPTIMIZATION_LEVEL = "-Onone";
			};
			name = Debug;
		};
		559A45DC1FD877F7003EF5E9 /* Release */ = {
			isa = XCBuildConfiguration;
			buildSettings = {
				ALWAYS_SEARCH_USER_PATHS = NO;
				CLANG_ANALYZER_NONNULL = YES;
				CLANG_ANALYZER_NUMBER_OBJECT_CONVERSION = YES_AGGRESSIVE;
				CLANG_CXX_LANGUAGE_STANDARD = "gnu++14";
				CLANG_CXX_LIBRARY = "libc++";
				CLANG_ENABLE_MODULES = YES;
				CLANG_ENABLE_OBJC_ARC = YES;
				CLANG_WARN_BLOCK_CAPTURE_AUTORELEASING = YES;
				CLANG_WARN_BOOL_CONVERSION = YES;
				CLANG_WARN_COMMA = YES;
				CLANG_WARN_CONSTANT_CONVERSION = YES;
				CLANG_WARN_DIRECT_OBJC_ISA_USAGE = YES_ERROR;
				CLANG_WARN_DOCUMENTATION_COMMENTS = YES;
				CLANG_WARN_EMPTY_BODY = YES;
				CLANG_WARN_ENUM_CONVERSION = YES;
				CLANG_WARN_INFINITE_RECURSION = YES;
				CLANG_WARN_INT_CONVERSION = YES;
				CLANG_WARN_NON_LITERAL_NULL_CONVERSION = YES;
				CLANG_WARN_OBJC_LITERAL_CONVERSION = YES;
				CLANG_WARN_OBJC_ROOT_CLASS = YES_ERROR;
				CLANG_WARN_RANGE_LOOP_ANALYSIS = YES;
				CLANG_WARN_STRICT_PROTOTYPES = YES;
				CLANG_WARN_SUSPICIOUS_MOVE = YES;
				CLANG_WARN_UNGUARDED_AVAILABILITY = YES_AGGRESSIVE;
				CLANG_WARN_UNREACHABLE_CODE = YES;
				CLANG_WARN__DUPLICATE_METHOD_MATCH = YES;
				CODE_SIGN_IDENTITY = "iPhone Developer";
				COPY_PHASE_STRIP = NO;
				DEBUG_INFORMATION_FORMAT = "dwarf-with-dsym";
				ENABLE_NS_ASSERTIONS = NO;
				ENABLE_STRICT_OBJC_MSGSEND = YES;
				GCC_C_LANGUAGE_STANDARD = gnu11;
				GCC_NO_COMMON_BLOCKS = YES;
				GCC_WARN_64_TO_32_BIT_CONVERSION = YES;
				GCC_WARN_ABOUT_RETURN_TYPE = YES_ERROR;
				GCC_WARN_UNDECLARED_SELECTOR = YES;
				GCC_WARN_UNINITIALIZED_AUTOS = YES_AGGRESSIVE;
				GCC_WARN_UNUSED_FUNCTION = YES;
				GCC_WARN_UNUSED_VARIABLE = YES;
				IPHONEOS_DEPLOYMENT_TARGET = 11.1;
				MTL_ENABLE_DEBUG_INFO = NO;
				SDKROOT = iphoneos;
				SWIFT_OPTIMIZATION_LEVEL = "-Owholemodule";
				VALIDATE_PRODUCT = YES;
			};
			name = Release;
		};
		559A45DE1FD877F7003EF5E9 /* Debug */ = {
			isa = XCBuildConfiguration;
			buildSettings = {
				ASSETCATALOG_COMPILER_APPICON_NAME = AppIcon;
				CODE_SIGN_STYLE = Automatic;
				DEVELOPMENT_TEAM = S83969LQZ9;
				INFOPLIST_FILE = Crypto/Info.plist;
				LD_RUNPATH_SEARCH_PATHS = "$(inherited) @executable_path/Frameworks";
				PRODUCT_BUNDLE_IDENTIFIER = "Andrey-Mamchenko.Crypto";
				PRODUCT_NAME = "$(TARGET_NAME)";
				SWIFT_VERSION = 4.0;
				TARGETED_DEVICE_FAMILY = "1,2";
			};
			name = Debug;
		};
		559A45DF1FD877F7003EF5E9 /* Release */ = {
			isa = XCBuildConfiguration;
			buildSettings = {
				ASSETCATALOG_COMPILER_APPICON_NAME = AppIcon;
				CODE_SIGN_STYLE = Automatic;
				DEVELOPMENT_TEAM = S83969LQZ9;
				INFOPLIST_FILE = Crypto/Info.plist;
				LD_RUNPATH_SEARCH_PATHS = "$(inherited) @executable_path/Frameworks";
				PRODUCT_BUNDLE_IDENTIFIER = "Andrey-Mamchenko.Crypto";
				PRODUCT_NAME = "$(TARGET_NAME)";
				SWIFT_VERSION = 4.0;
				TARGETED_DEVICE_FAMILY = "1,2";
			};
			name = Release;
		};
		559A45E11FD877F7003EF5E9 /* Debug */ = {
			isa = XCBuildConfiguration;
			buildSettings = {
				ALWAYS_EMBED_SWIFT_STANDARD_LIBRARIES = YES;
				BUNDLE_LOADER = "$(TEST_HOST)";
				CODE_SIGN_STYLE = Automatic;
				DEVELOPMENT_TEAM = S83969LQZ9;
				INFOPLIST_FILE = CryptoTests/Info.plist;
				LD_RUNPATH_SEARCH_PATHS = "$(inherited) @executable_path/Frameworks @loader_path/Frameworks";
				PRODUCT_BUNDLE_IDENTIFIER = "Andrey-Mamchenko.CryptoTests";
				PRODUCT_NAME = "$(TARGET_NAME)";
				SWIFT_VERSION = 4.0;
				TARGETED_DEVICE_FAMILY = "1,2";
				TEST_HOST = "$(BUILT_PRODUCTS_DIR)/Crypto.app/Crypto";
			};
			name = Debug;
		};
		559A45E21FD877F7003EF5E9 /* Release */ = {
			isa = XCBuildConfiguration;
			buildSettings = {
				ALWAYS_EMBED_SWIFT_STANDARD_LIBRARIES = YES;
				BUNDLE_LOADER = "$(TEST_HOST)";
				CODE_SIGN_STYLE = Automatic;
				DEVELOPMENT_TEAM = S83969LQZ9;
				INFOPLIST_FILE = CryptoTests/Info.plist;
				LD_RUNPATH_SEARCH_PATHS = "$(inherited) @executable_path/Frameworks @loader_path/Frameworks";
				PRODUCT_BUNDLE_IDENTIFIER = "Andrey-Mamchenko.CryptoTests";
				PRODUCT_NAME = "$(TARGET_NAME)";
				SWIFT_VERSION = 4.0;
				TARGETED_DEVICE_FAMILY = "1,2";
				TEST_HOST = "$(BUILT_PRODUCTS_DIR)/Crypto.app/Crypto";
			};
			name = Release;
		};
/* End XCBuildConfiguration section */

/* Begin XCConfigurationList section */
		559A45BB1FD877F7003EF5E9 /* Build configuration list for PBXProject "Crypto" */ = {
			isa = XCConfigurationList;
			buildConfigurations = (
				559A45DB1FD877F7003EF5E9 /* Debug */,
				559A45DC1FD877F7003EF5E9 /* Release */,
			);
			defaultConfigurationIsVisible = 0;
			defaultConfigurationName = Release;
		};
		559A45DD1FD877F7003EF5E9 /* Build configuration list for PBXNativeTarget "Crypto" */ = {
			isa = XCConfigurationList;
			buildConfigurations = (
				559A45DE1FD877F7003EF5E9 /* Debug */,
				559A45DF1FD877F7003EF5E9 /* Release */,
			);
			defaultConfigurationIsVisible = 0;
			defaultConfigurationName = Release;
		};
		559A45E01FD877F7003EF5E9 /* Build configuration list for PBXNativeTarget "CryptoTests" */ = {
			isa = XCConfigurationList;
			buildConfigurations = (
				559A45E11FD877F7003EF5E9 /* Debug */,
				559A45E21FD877F7003EF5E9 /* Release */,
			);
			defaultConfigurationIsVisible = 0;
			defaultConfigurationName = Release;
		};
/* End XCConfigurationList section */
	};
	rootObject = 559A45B81FD877F7003EF5E9 /* Project object */;
}
